---
packages:
  axi:
    revision: d7b0b0fd1244d5ce332c3ebab5c0f69bba134259
    version: 0.23.1
    source:
      Git: "https://github.com/pulp-platform/axi.git"
    dependencies:
      - common_cells
      - common_verification
  common_cells:
    revision: eb425a5c76f3c2ae0c1b20f97e6c0d8fd28a1eef
    version: 1.19.0
    source:
      Git: "https://github.com/pulp-platform/common_cells.git"
    dependencies:
      - common_verification
      - tech_cells_generic
  common_verification:
    revision: 6fc76fb013315af9fabbb90b431863d498df2d6d
    version: 0.2.0
    source:
      Git: "https://github.com/pulp-platform/common_verification.git"
    dependencies: []
  register_interface:
    revision: ~
    version: ~
    source:
      Path: /home/fschuiki/projects/snitch/chip/thestral/deps/hyperbus/src/flat/register_interface
    dependencies:
      - axi
      - common_cells
  tech_cells_generic:
    revision: 627fd6c50733159354df82ea488aeac9b2e076ea
    version: 0.2.1
    source:
      Git: "https://github.com/pulp-platform/tech_cells_generic.git"
    dependencies:
      - common_verification